
Microsoft Visual Studio Solution File, Format Version 12.00
# Visual Studio 15
Project("{FAE04EC0-301F-11D3-BF4B-00C04F79EFBC}") = "VRM10.Tests", "VRM10.Tests.csproj", "{A733C313-D4AB-939F-B0FF-A19A8D831338}"
EndProject
Project("{FAE04EC0-301F-11D3-BF4B-00C04F79EFBC}") = "UniHumanoid", "UniHumanoid.csproj", "{3748DF10-C0AE-6CCE-8679-74B3824CB481}"
EndProject
Project("{FAE04EC0-301F-11D3-BF4B-00C04F79EFBC}") = "VRM10.Editor", "VRM10.Editor.csproj", "{32F28DFA-EB8B-7922-C3FE-42D21D37D240}"
EndProject
Project("{FAE04EC0-301F-11D3-BF4B-00C04F79EFBC}") = "UniGLTF", "UniGLTF.csproj", "{3A705CF1-2E75-B8A2-4DBA-24C2F284CAEE}"
EndProject
Project("{FAE04EC0-301F-11D3-BF4B-00C04F79EFBC}") = "VRM10", "VRM10.csproj", "{F4F20535-0535-F0FB-A609-8D400CB5ED60}"
EndProject
Project("{FAE04EC0-301F-11D3-BF4B-00C04F79EFBC}") = "UniGLTF.Tests", "UniGLTF.Tests.csproj", "{F0855F72-35E9-D50B-DB9B-AE289FCC3394}"
EndProject
Project("{FAE04EC0-301F-11D3-BF4B-00C04F79EFBC}") = "UniGLTF.Editor", "UniGLTF.Editor.csproj", "{76A202C9-840B-7BAA-C1B2-555AC0EDA215}"
EndProject
Project("{FAE04EC0-301F-11D3-BF4B-00C04F79EFBC}") = "VRMShaders.GLTF.IO.Editor", "VRMShaders.GLTF.IO.Editor.csproj", "{D796CCF8-560E-4DB0-AABC-F2386AD88DD2}"
EndProject
Project("{FAE04EC0-301F-11D3-BF4B-00C04F79EFBC}") = "FastSpringBone10", "FastSpringBone10.csproj", "{31B9F181-D108-BC4B-987D-3E5E43B6EDDB}"
EndProject
Project("{FAE04EC0-301F-11D3-BF4B-00C04F79EFBC}") = "VRMShaders.GLTF.IO.Runtime", "VRMShaders.GLTF.IO.Runtime.csproj", "{90D12B91-2545-F80F-A95F-D74A908488B5}"
EndProject
Project("{FAE04EC0-301F-11D3-BF4B-00C04F79EFBC}") = "VRMShaders.GLTF.IO.Tests", "VRMShaders.GLTF.IO.Tests.csproj", "{0E7CC865-AF18-A2C0-E3BF-811F5E124CA6}"
EndProject
Project("{FAE04EC0-301F-11D3-BF4B-00C04F79EFBC}") = "VRMShaders.VRM10.MToon10.Runtime", "VRMShaders.VRM10.MToon10.Runtime.csproj", "{AE2F11E1-554A-CFAF-7D58-A983B30492AC}"
EndProject
Project("{FAE04EC0-301F-11D3-BF4B-00C04F79EFBC}") = "VrmLib", "VrmLib.csproj", "{ED24BB72-01E5-D6B0-3FBC-A300A32E39B8}"
EndProject
Project("{FAE04EC0-301F-11D3-BF4B-00C04F79EFBC}") = "MToon", "MToon.csproj", "{AEF1C63D-7820-4BA9-FD13-C505BE37FAF6}"
EndProject
Project("{FAE04EC0-301F-11D3-BF4B-00C04F79EFBC}") = "Assembly-CSharp", "Assembly-CSharp.csproj", "{2FB03169-C58F-9BD0-B9F2-1DC3FDAA552B}"
EndProject
Project("{FAE04EC0-301F-11D3-BF4B-00C04F79EFBC}") = "VrmLibTests", "VrmLibTests.csproj", "{1457B1BB-C5A3-8111-ED91-3F57292C4A8E}"
EndProject
Project("{FAE04EC0-301F-11D3-BF4B-00C04F79EFBC}") = "UniGLTF.Utils", "UniGLTF.Utils.csproj", "{1C4A4648-B40A-6D9D-3E63-8A8B183F704E}"
EndProject
Project("{FAE04EC0-301F-11D3-BF4B-00C04F79EFBC}") = "VRMShaders.VRM10.MToon10.Tests", "VRMShaders.VRM10.MToon10.Tests.csproj", "{F0021EB4-572B-26AF-F8B5-D785E62A048D}"
EndProject
Project("{FAE04EC0-301F-11D3-BF4B-00C04F79EFBC}") = "VRMShaders.GLTF.UniUnlit.Runtime", "VRMShaders.GLTF.UniUnlit.Runtime.csproj", "{291F5AFA-C6DE-5E79-9402-F01F783E94F4}"
EndProject
Project("{FAE04EC0-301F-11D3-BF4B-00C04F79EFBC}") = "VRMShaders.VRM10.MToon10.Editor", "VRMShaders.VRM10.MToon10.Editor.csproj", "{8A83E9B7-58C2-A71B-60A2-87DFCA95CEB1}"
EndProject
Project("{FAE04EC0-301F-11D3-BF4B-00C04F79EFBC}") = "MToon.Editor", "MToon.Editor.csproj", "{895EEE69-86B6-BB12-7257-677AB3B6EC08}"
EndProject
Project("{FAE04EC0-301F-11D3-BF4B-00C04F79EFBC}") = "VRMShaders.VRM.IO.Runtime", "VRMShaders.VRM.IO.Runtime.csproj", "{EA6A7084-6A30-CE7F-4DCA-046C3DA150B6}"
EndProject
Project("{FAE04EC0-301F-11D3-BF4B-00C04F79EFBC}") = "VRMShaders.GLTF.UniUnlit.Editor", "VRMShaders.GLTF.UniUnlit.Editor.csproj", "{F9F34584-3C8D-A0E5-D0DC-41BD76C5CBDC}"
EndProject
Project("{FAE04EC0-301F-11D3-BF4B-00C04F79EFBC}") = "UniHumanoid.Editor", "UniHumanoid.Editor.csproj", "{DE6FCC32-A161-D90E-2EA1-792BA2DF1952}"
EndProject
Project("{FAE04EC0-301F-11D3-BF4B-00C04F79EFBC}") = "UniHumanoid.Editor.Tests", "UniHumanoid.Editor.Tests.csproj", "{AB046839-9747-2D7F-F8EC-BB7CF7F33098}"
EndProject
Project("{FAE04EC0-301F-11D3-BF4B-00C04F79EFBC}") = "VRMShaders.VRM10.Format.Runtime", "VRMShaders.VRM10.Format.Runtime.csproj", "{D506F912-F125-A9D5-3B88-32E7C496976A}"
EndProject
Global
	GlobalSection(SolutionConfigurationPlatforms) = preSolution
		Debug|Any CPU = Debug|Any CPU
		Release|Any CPU = Release|Any CPU
	EndGlobalSection
	GlobalSection(ProjectConfigurationPlatforms) = postSolution
		{A733C313-D4AB-939F-B0FF-A19A8D831338}.Debug|Any CPU.ActiveCfg = Debug|Any CPU
		{A733C313-D4AB-939F-B0FF-A19A8D831338}.Debug|Any CPU.Build.0 = Debug|Any CPU
		{A733C313-D4AB-939F-B0FF-A19A8D831338}.Release|Any CPU.ActiveCfg = Release|Any CPU
		{A733C313-D4AB-939F-B0FF-A19A8D831338}.Release|Any CPU.Build.0 = Release|Any CPU
		{3748DF10-C0AE-6CCE-8679-74B3824CB481}.Debug|Any CPU.ActiveCfg = Debug|Any CPU
		{3748DF10-C0AE-6CCE-8679-74B3824CB481}.Debug|Any CPU.Build.0 = Debug|Any CPU
		{3748DF10-C0AE-6CCE-8679-74B3824CB481}.Release|Any CPU.ActiveCfg = Release|Any CPU
		{3748DF10-C0AE-6CCE-8679-74B3824CB481}.Release|Any CPU.Build.0 = Release|Any CPU
		{32F28DFA-EB8B-7922-C3FE-42D21D37D240}.Debug|Any CPU.ActiveCfg = Debug|Any CPU
		{32F28DFA-EB8B-7922-C3FE-42D21D37D240}.Debug|Any CPU.Build.0 = Debug|Any CPU
		{32F28DFA-EB8B-7922-C3FE-42D21D37D240}.Release|Any CPU.ActiveCfg = Release|Any CPU
		{32F28DFA-EB8B-7922-C3FE-42D21D37D240}.Release|Any CPU.Build.0 = Release|Any CPU
		{3A705CF1-2E75-B8A2-4DBA-24C2F284CAEE}.Debug|Any CPU.ActiveCfg = Debug|Any CPU
		{3A705CF1-2E75-B8A2-4DBA-24C2F284CAEE}.Debug|Any CPU.Build.0 = Debug|Any CPU
		{3A705CF1-2E75-B8A2-4DBA-24C2F284CAEE}.Release|Any CPU.ActiveCfg = Release|Any CPU
		{3A705CF1-2E75-B8A2-4DBA-24C2F284CAEE}.Release|Any CPU.Build.0 = Release|Any CPU
		{F4F20535-0535-F0FB-A609-8D400CB5ED60}.Debug|Any CPU.ActiveCfg = Debug|Any CPU
		{F4F20535-0535-F0FB-A609-8D400CB5ED60}.Debug|Any CPU.Build.0 = Debug|Any CPU
		{F4F20535-0535-F0FB-A609-8D400CB5ED60}.Release|Any CPU.ActiveCfg = Release|Any CPU
		{F4F20535-0535-F0FB-A609-8D400CB5ED60}.Release|Any CPU.Build.0 = Release|Any CPU
		{F0855F72-35E9-D50B-DB9B-AE289FCC3394}.Debug|Any CPU.ActiveCfg = Debug|Any CPU
		{F0855F72-35E9-D50B-DB9B-AE289FCC3394}.Debug|Any CPU.Build.0 = Debug|Any CPU
		{F0855F72-35E9-D50B-DB9B-AE289FCC3394}.Release|Any CPU.ActiveCfg = Release|Any CPU
		{F0855F72-35E9-D50B-DB9B-AE289FCC3394}.Release|Any CPU.Build.0 = Release|Any CPU
		{76A202C9-840B-7BAA-C1B2-555AC0EDA215}.Debug|Any CPU.ActiveCfg = Debug|Any CPU
		{76A202C9-840B-7BAA-C1B2-555AC0EDA215}.Debug|Any CPU.Build.0 = Debug|Any CPU
		{76A202C9-840B-7BAA-C1B2-555AC0EDA215}.Release|Any CPU.ActiveCfg = Release|Any CPU
		{76A202C9-840B-7BAA-C1B2-555AC0EDA215}.Release|Any CPU.Build.0 = Release|Any CPU
		{D796CCF8-560E-4DB0-AABC-F2386AD88DD2}.Debug|Any CPU.ActiveCfg = Debug|Any CPU
		{D796CCF8-560E-4DB0-AABC-F2386AD88DD2}.Debug|Any CPU.Build.0 = Debug|Any CPU
		{D796CCF8-560E-4DB0-AABC-F2386AD88DD2}.Release|Any CPU.ActiveCfg = Release|Any CPU
		{D796CCF8-560E-4DB0-AABC-F2386AD88DD2}.Release|Any CPU.Build.0 = Release|Any CPU
		{31B9F181-D108-BC4B-987D-3E5E43B6EDDB}.Debug|Any CPU.ActiveCfg = Debug|Any CPU
		{31B9F181-D108-BC4B-987D-3E5E43B6EDDB}.Debug|Any CPU.Build.0 = Debug|Any CPU
		{31B9F181-D108-BC4B-987D-3E5E43B6EDDB}.Release|Any CPU.ActiveCfg = Release|Any CPU
		{31B9F181-D108-BC4B-987D-3E5E43B6EDDB}.Release|Any CPU.Build.0 = Release|Any CPU
		{90D12B91-2545-F80F-A95F-D74A908488B5}.Debug|Any CPU.ActiveCfg = Debug|Any CPU
		{90D12B91-2545-F80F-A95F-D74A908488B5}.Debug|Any CPU.Build.0 = Debug|Any CPU
		{90D12B91-2545-F80F-A95F-D74A908488B5}.Release|Any CPU.ActiveCfg = Release|Any CPU
		{90D12B91-2545-F80F-A95F-D74A908488B5}.Release|Any CPU.Build.0 = Release|Any CPU
		{0E7CC865-AF18-A2C0-E3BF-811F5E124CA6}.Debug|Any CPU.ActiveCfg = Debug|Any CPU
		{0E7CC865-AF18-A2C0-E3BF-811F5E124CA6}.Debug|Any CPU.Build.0 = Debug|Any CPU
		{0E7CC865-AF18-A2C0-E3BF-811F5E124CA6}.Release|Any CPU.ActiveCfg = Release|Any CPU
		{0E7CC865-AF18-A2C0-E3BF-811F5E124CA6}.Release|Any CPU.Build.0 = Release|Any CPU
		{AE2F11E1-554A-CFAF-7D58-A983B30492AC}.Debug|Any CPU.ActiveCfg = Debug|Any CPU
		{AE2F11E1-554A-CFAF-7D58-A983B30492AC}.Debug|Any CPU.Build.0 = Debug|Any CPU
		{AE2F11E1-554A-CFAF-7D58-A983B30492AC}.Release|Any CPU.ActiveCfg = Release|Any CPU
		{AE2F11E1-554A-CFAF-7D58-A983B30492AC}.Release|Any CPU.Build.0 = Release|Any CPU
		{ED24BB72-01E5-D6B0-3FBC-A300A32E39B8}.Debug|Any CPU.ActiveCfg = Debug|Any CPU
		{ED24BB72-01E5-D6B0-3FBC-A300A32E39B8}.Debug|Any CPU.Build.0 = Debug|Any CPU
		{ED24BB72-01E5-D6B0-3FBC-A300A32E39B8}.Release|Any CPU.ActiveCfg = Release|Any CPU
		{ED24BB72-01E5-D6B0-3FBC-A300A32E39B8}.Release|Any CPU.Build.0 = Release|Any CPU
		{AEF1C63D-7820-4BA9-FD13-C505BE37FAF6}.Debug|Any CPU.ActiveCfg = Debug|Any CPU
		{AEF1C63D-7820-4BA9-FD13-C505BE37FAF6}.Debug|Any CPU.Build.0 = Debug|Any CPU
		{AEF1C63D-7820-4BA9-FD13-C505BE37FAF6}.Release|Any CPU.ActiveCfg = Release|Any CPU
		{AEF1C63D-7820-4BA9-FD13-C505BE37FAF6}.Release|Any CPU.Build.0 = Release|Any CPU
		{2FB03169-C58F-9BD0-B9F2-1DC3FDAA552B}.Debug|Any CPU.ActiveCfg = Debug|Any CPU
		{2FB03169-C58F-9BD0-B9F2-1DC3FDAA552B}.Debug|Any CPU.Build.0 = Debug|Any CPU
		{2FB03169-C58F-9BD0-B9F2-1DC3FDAA552B}.Release|Any CPU.ActiveCfg = Release|Any CPU
		{2FB03169-C58F-9BD0-B9F2-1DC3FDAA552B}.Release|Any CPU.Build.0 = Release|Any CPU
		{1457B1BB-C5A3-8111-ED91-3F57292C4A8E}.Debug|Any CPU.ActiveCfg = Debug|Any CPU
		{1457B1BB-C5A3-8111-ED91-3F57292C4A8E}.Debug|Any CPU.Build.0 = Debug|Any CPU
		{1457B1BB-C5A3-8111-ED91-3F57292C4A8E}.Release|Any CPU.ActiveCfg = Release|Any CPU
		{1457B1BB-C5A3-8111-ED91-3F57292C4A8E}.Release|Any CPU.Build.0 = Release|Any CPU
		{1C4A4648-B40A-6D9D-3E63-8A8B183F704E}.Debug|Any CPU.ActiveCfg = Debug|Any CPU
		{1C4A4648-B40A-6D9D-3E63-8A8B183F704E}.Debug|Any CPU.Build.0 = Debug|Any CPU
		{1C4A4648-B40A-6D9D-3E63-8A8B183F704E}.Release|Any CPU.ActiveCfg = Release|Any CPU
		{1C4A4648-B40A-6D9D-3E63-8A8B183F704E}.Release|Any CPU.Build.0 = Release|Any CPU
		{F0021EB4-572B-26AF-F8B5-D785E62A048D}.Debug|Any CPU.ActiveCfg = Debug|Any CPU
		{F0021EB4-572B-26AF-F8B5-D785E62A048D}.Debug|Any CPU.Build.0 = Debug|Any CPU
		{F0021EB4-572B-26AF-F8B5-D785E62A048D}.Release|Any CPU.ActiveCfg = Release|Any CPU
		{F0021EB4-572B-26AF-F8B5-D785E62A048D}.Release|Any CPU.Build.0 = Release|Any CPU
		{291F5AFA-C6DE-5E79-9402-F01F783E94F4}.Debug|Any CPU.ActiveCfg = Debug|Any CPU
		{291F5AFA-C6DE-5E79-9402-F01F783E94F4}.Debug|Any CPU.Build.0 = Debug|Any CPU
		{291F5AFA-C6DE-5E79-9402-F01F783E94F4}.Release|Any CPU.ActiveCfg = Release|Any CPU
		{291F5AFA-C6DE-5E79-9402-F01F783E94F4}.Release|Any CPU.Build.0 = Release|Any CPU
		{8A83E9B7-58C2-A71B-60A2-87DFCA95CEB1}.Debug|Any CPU.ActiveCfg = Debug|Any CPU
		{8A83E9B7-58C2-A71B-60A2-87DFCA95CEB1}.Debug|Any CPU.Build.0 = Debug|Any CPU
		{8A83E9B7-58C2-A71B-60A2-87DFCA95CEB1}.Release|Any CPU.ActiveCfg = Release|Any CPU
		{8A83E9B7-58C2-A71B-60A2-87DFCA95CEB1}.Release|Any CPU.Build.0 = Release|Any CPU
		{895EEE69-86B6-BB12-7257-677AB3B6EC08}.Debug|Any CPU.ActiveCfg = Debug|Any CPU
		{895EEE69-86B6-BB12-7257-677AB3B6EC08}.Debug|Any CPU.Build.0 = Debug|Any CPU
		{895EEE69-86B6-BB12-7257-677AB3B6EC08}.Release|Any CPU.ActiveCfg = Release|Any CPU
		{895EEE69-86B6-BB12-7257-677AB3B6EC08}.Release|Any CPU.Build.0 = Release|Any CPU
		{EA6A7084-6A30-CE7F-4DCA-046C3DA150B6}.Debug|Any CPU.ActiveCfg = Debug|Any CPU
		{EA6A7084-6A30-CE7F-4DCA-046C3DA150B6}.Debug|Any CPU.Build.0 = Debug|Any CPU
		{EA6A7084-6A30-CE7F-4DCA-046C3DA150B6}.Release|Any CPU.ActiveCfg = Release|Any CPU
		{EA6A7084-6A30-CE7F-4DCA-046C3DA150B6}.Release|Any CPU.Build.0 = Release|Any CPU
		{F9F34584-3C8D-A0E5-D0DC-41BD76C5CBDC}.Debug|Any CPU.ActiveCfg = Debug|Any CPU
		{F9F34584-3C8D-A0E5-D0DC-41BD76C5CBDC}.Debug|Any CPU.Build.0 = Debug|Any CPU
		{F9F34584-3C8D-A0E5-D0DC-41BD76C5CBDC}.Release|Any CPU.ActiveCfg = Release|Any CPU
		{F9F34584-3C8D-A0E5-D0DC-41BD76C5CBDC}.Release|Any CPU.Build.0 = Release|Any CPU
		{DE6FCC32-A161-D90E-2EA1-792BA2DF1952}.Debug|Any CPU.ActiveCfg = Debug|Any CPU
		{DE6FCC32-A161-D90E-2EA1-792BA2DF1952}.Debug|Any CPU.Build.0 = Debug|Any CPU
		{DE6FCC32-A161-D90E-2EA1-792BA2DF1952}.Release|Any CPU.ActiveCfg = Release|Any CPU
		{DE6FCC32-A161-D90E-2EA1-792BA2DF1952}.Release|Any CPU.Build.0 = Release|Any CPU
		{AB046839-9747-2D7F-F8EC-BB7CF7F33098}.Debug|Any CPU.ActiveCfg = Debug|Any CPU
		{AB046839-9747-2D7F-F8EC-BB7CF7F33098}.Debug|Any CPU.Build.0 = Debug|Any CPU
		{AB046839-9747-2D7F-F8EC-BB7CF7F33098}.Release|Any CPU.ActiveCfg = Release|Any CPU
		{AB046839-9747-2D7F-F8EC-BB7CF7F33098}.Release|Any CPU.Build.0 = Release|Any CPU
		{D506F912-F125-A9D5-3B88-32E7C496976A}.Debug|Any CPU.ActiveCfg = Debug|Any CPU
		{D506F912-F125-A9D5-3B88-32E7C496976A}.Debug|Any CPU.Build.0 = Debug|Any CPU
		{D506F912-F125-A9D5-3B88-32E7C496976A}.Release|Any CPU.ActiveCfg = Release|Any CPU
		{D506F912-F125-A9D5-3B88-32E7C496976A}.Release|Any CPU.Build.0 = Release|Any CPU
	EndGlobalSection
	GlobalSection(SolutionProperties) = preSolution
		HideSolutionNode = FALSE
	EndGlobalSection
EndGlobal
