
Microsoft Visual Studio Solution File, Format Version 12.00
# Visual Studio 15
Project("{FAE04EC0-301F-11D3-BF4B-00C04F79EFBC}") = "VRM10.Tests", "VRM10.Tests.csproj", "{81ACA51B-02D1-0534-4349-F2DF7D70D42C}"
EndProject
Project("{FAE04EC0-301F-11D3-BF4B-00C04F79EFBC}") = "VRMShaders.VRM10.MToon10.Runtime", "VRMShaders.VRM10.MToon10.Runtime.csproj", "{F933790C-D00A-5060-1BB8-B4A430932FE8}"
EndProject
Project("{FAE04EC0-301F-11D3-BF4B-00C04F79EFBC}") = "VRMShaders.GLTF.IO.Runtime", "VRMShaders.GLTF.IO.Runtime.csproj", "{3C4D4F0D-89DC-0493-E5B8-248D35D793F3}"
EndProject
Project("{FAE04EC0-301F-11D3-BF4B-00C04F79EFBC}") = "UniHumanoid", "UniHumanoid.csproj", "{27889C18-EC8D-EC41-4CAE-7B682DB86BA1}"
EndProject
Project("{FAE04EC0-301F-11D3-BF4B-00C04F79EFBC}") = "VRM10.Editor", "VRM10.Editor.csproj", "{40828434-1BDB-7124-55A5-2F7938735B1D}"
EndProject
Project("{FAE04EC0-301F-11D3-BF4B-00C04F79EFBC}") = "UniGLTF", "UniGLTF.csproj", "{BC60D904-E679-0D94-422E-0CC0D8F098E3}"
EndProject
Project("{FAE04EC0-301F-11D3-BF4B-00C04F79EFBC}") = "VRMShaders.GLTF.UniUnlit.Editor", "VRMShaders.GLTF.UniUnlit.Editor.csproj", "{5CE1B2CB-86CD-54C5-E287-9FDB39DD2999}"
EndProject
Project("{FAE04EC0-301F-11D3-BF4B-00C04F79EFBC}") = "UniGLTF.Tests", "UniGLTF.Tests.csproj", "{ECA8E264-1B4C-A7FE-731E-A8E607E5DB09}"
EndProject
Project("{FAE04EC0-301F-11D3-BF4B-00C04F79EFBC}") = "VRM10", "VRM10.csproj", "{297E1237-DF31-2F20-90DD-9435DB13F0B6}"
EndProject
Project("{FAE04EC0-301F-11D3-BF4B-00C04F79EFBC}") = "UniGLTF.Editor", "UniGLTF.Editor.csproj", "{F106CDC2-6FBF-60DB-F8F0-204F613AAC66}"
EndProject
Project("{FAE04EC0-301F-11D3-BF4B-00C04F79EFBC}") = "VRMShaders.GLTF.IO.Editor", "VRMShaders.GLTF.IO.Editor.csproj", "{7E44D14C-39D3-2BD8-602A-ED64D3DDD775}"
EndProject
Project("{FAE04EC0-301F-11D3-BF4B-00C04F79EFBC}") = "FastSpringBone10", "FastSpringBone10.csproj", "{9CFE0433-9C4E-108D-3959-67EC396A6E10}"
EndProject
Project("{FAE04EC0-301F-11D3-BF4B-00C04F79EFBC}") = "VRMShaders.GLTF.IO.Tests", "VRMShaders.GLTF.IO.Tests.csproj", "{A0B79406-8F64-F570-1679-C0DE526F6E13}"
EndProject
Project("{FAE04EC0-301F-11D3-BF4B-00C04F79EFBC}") = "VrmLib", "VrmLib.csproj", "{C2781EBD-5EF4-4A07-A957-950F02B942CD}"
EndProject
Project("{FAE04EC0-301F-11D3-BF4B-00C04F79EFBC}") = "UniHumanoid.Editor", "UniHumanoid.Editor.csproj", "{6DE4A67A-D13F-6FD2-BE3D-7A70810A75CD}"
EndProject
Project("{FAE04EC0-301F-11D3-BF4B-00C04F79EFBC}") = "MToon", "MToon.csproj", "{22AC1F73-8F5A-566E-F808-468720CC1FD0}"
EndProject
Project("{FAE04EC0-301F-11D3-BF4B-00C04F79EFBC}") = "Assembly-CSharp", "Assembly-CSharp.csproj", "{42B7AD67-D801-D806-F004-62DA4B176436}"
EndProject
Project("{FAE04EC0-301F-11D3-BF4B-00C04F79EFBC}") = "VrmLibTests", "VrmLibTests.csproj", "{1995C07A-333B-5894-67E3-DC2208EE21EE}"
EndProject
Project("{FAE04EC0-301F-11D3-BF4B-00C04F79EFBC}") = "MToon.Editor", "MToon.Editor.csproj", "{9BFAD672-A12C-1111-9347-1E4C674B76CC}"
EndProject
Project("{FAE04EC0-301F-11D3-BF4B-00C04F79EFBC}") = "VRMShaders.VRM10.MToon10.Editor", "VRMShaders.VRM10.MToon10.Editor.csproj", "{CFC3DBB7-9A6F-E399-793F-2D8D469B8345}"
EndProject
Project("{FAE04EC0-301F-11D3-BF4B-00C04F79EFBC}") = "UniHumanoid.Editor.Tests", "UniHumanoid.Editor.Tests.csproj", "{2A83A0E2-226B-07F5-F1C7-6CE3B4583B32}"
EndProject
Project("{FAE04EC0-301F-11D3-BF4B-00C04F79EFBC}") = "UniGLTF.Utils", "UniGLTF.Utils.csproj", "{6DD5D590-2E1C-7B26-8EB8-AEC8DED31819}"
EndProject
Project("{FAE04EC0-301F-11D3-BF4B-00C04F79EFBC}") = "VRMShaders.VRM.IO.Runtime", "VRMShaders.VRM.IO.Runtime.csproj", "{96ECAAD1-1A15-AA6B-8D60-5D19E57F5B0E}"
EndProject
Project("{FAE04EC0-301F-11D3-BF4B-00C04F79EFBC}") = "VRMShaders.VRM10.Format.Runtime", "VRMShaders.VRM10.Format.Runtime.csproj", "{1317D511-962A-7C90-CF50-02B17BC97E10}"
EndProject
Project("{FAE04EC0-301F-11D3-BF4B-00C04F79EFBC}") = "VRMShaders.VRM10.MToon10.Tests", "VRMShaders.VRM10.MToon10.Tests.csproj", "{6D0C6C60-9D68-3711-E991-67F30CA33548}"
EndProject
Project("{FAE04EC0-301F-11D3-BF4B-00C04F79EFBC}") = "VRMShaders.GLTF.UniUnlit.Runtime", "VRMShaders.GLTF.UniUnlit.Runtime.csproj", "{E23CA46E-2C24-5530-6971-65FBDA7207F8}"
EndProject
Global
	GlobalSection(SolutionConfigurationPlatforms) = preSolution
		Debug|Any CPU = Debug|Any CPU
		Release|Any CPU = Release|Any CPU
	EndGlobalSection
	GlobalSection(ProjectConfigurationPlatforms) = postSolution
		{81ACA51B-02D1-0534-4349-F2DF7D70D42C}.Debug|Any CPU.ActiveCfg = Debug|Any CPU
		{81ACA51B-02D1-0534-4349-F2DF7D70D42C}.Debug|Any CPU.Build.0 = Debug|Any CPU
		{81ACA51B-02D1-0534-4349-F2DF7D70D42C}.Release|Any CPU.ActiveCfg = Release|Any CPU
		{81ACA51B-02D1-0534-4349-F2DF7D70D42C}.Release|Any CPU.Build.0 = Release|Any CPU
		{F933790C-D00A-5060-1BB8-B4A430932FE8}.Debug|Any CPU.ActiveCfg = Debug|Any CPU
		{F933790C-D00A-5060-1BB8-B4A430932FE8}.Debug|Any CPU.Build.0 = Debug|Any CPU
		{F933790C-D00A-5060-1BB8-B4A430932FE8}.Release|Any CPU.ActiveCfg = Release|Any CPU
		{F933790C-D00A-5060-1BB8-B4A430932FE8}.Release|Any CPU.Build.0 = Release|Any CPU
		{3C4D4F0D-89DC-0493-E5B8-248D35D793F3}.Debug|Any CPU.ActiveCfg = Debug|Any CPU
		{3C4D4F0D-89DC-0493-E5B8-248D35D793F3}.Debug|Any CPU.Build.0 = Debug|Any CPU
		{3C4D4F0D-89DC-0493-E5B8-248D35D793F3}.Release|Any CPU.ActiveCfg = Release|Any CPU
		{3C4D4F0D-89DC-0493-E5B8-248D35D793F3}.Release|Any CPU.Build.0 = Release|Any CPU
		{27889C18-EC8D-EC41-4CAE-7B682DB86BA1}.Debug|Any CPU.ActiveCfg = Debug|Any CPU
		{27889C18-EC8D-EC41-4CAE-7B682DB86BA1}.Debug|Any CPU.Build.0 = Debug|Any CPU
		{27889C18-EC8D-EC41-4CAE-7B682DB86BA1}.Release|Any CPU.ActiveCfg = Release|Any CPU
		{27889C18-EC8D-EC41-4CAE-7B682DB86BA1}.Release|Any CPU.Build.0 = Release|Any CPU
		{40828434-1BDB-7124-55A5-2F7938735B1D}.Debug|Any CPU.ActiveCfg = Debug|Any CPU
		{40828434-1BDB-7124-55A5-2F7938735B1D}.Debug|Any CPU.Build.0 = Debug|Any CPU
		{40828434-1BDB-7124-55A5-2F7938735B1D}.Release|Any CPU.ActiveCfg = Release|Any CPU
		{40828434-1BDB-7124-55A5-2F7938735B1D}.Release|Any CPU.Build.0 = Release|Any CPU
		{BC60D904-E679-0D94-422E-0CC0D8F098E3}.Debug|Any CPU.ActiveCfg = Debug|Any CPU
		{BC60D904-E679-0D94-422E-0CC0D8F098E3}.Debug|Any CPU.Build.0 = Debug|Any CPU
		{BC60D904-E679-0D94-422E-0CC0D8F098E3}.Release|Any CPU.ActiveCfg = Release|Any CPU
		{BC60D904-E679-0D94-422E-0CC0D8F098E3}.Release|Any CPU.Build.0 = Release|Any CPU
		{5CE1B2CB-86CD-54C5-E287-9FDB39DD2999}.Debug|Any CPU.ActiveCfg = Debug|Any CPU
		{5CE1B2CB-86CD-54C5-E287-9FDB39DD2999}.Debug|Any CPU.Build.0 = Debug|Any CPU
		{5CE1B2CB-86CD-54C5-E287-9FDB39DD2999}.Release|Any CPU.ActiveCfg = Release|Any CPU
		{5CE1B2CB-86CD-54C5-E287-9FDB39DD2999}.Release|Any CPU.Build.0 = Release|Any CPU
		{ECA8E264-1B4C-A7FE-731E-A8E607E5DB09}.Debug|Any CPU.ActiveCfg = Debug|Any CPU
		{ECA8E264-1B4C-A7FE-731E-A8E607E5DB09}.Debug|Any CPU.Build.0 = Debug|Any CPU
		{ECA8E264-1B4C-A7FE-731E-A8E607E5DB09}.Release|Any CPU.ActiveCfg = Release|Any CPU
		{ECA8E264-1B4C-A7FE-731E-A8E607E5DB09}.Release|Any CPU.Build.0 = Release|Any CPU
		{297E1237-DF31-2F20-90DD-9435DB13F0B6}.Debug|Any CPU.ActiveCfg = Debug|Any CPU
		{297E1237-DF31-2F20-90DD-9435DB13F0B6}.Debug|Any CPU.Build.0 = Debug|Any CPU
		{297E1237-DF31-2F20-90DD-9435DB13F0B6}.Release|Any CPU.ActiveCfg = Release|Any CPU
		{297E1237-DF31-2F20-90DD-9435DB13F0B6}.Release|Any CPU.Build.0 = Release|Any CPU
		{F106CDC2-6FBF-60DB-F8F0-204F613AAC66}.Debug|Any CPU.ActiveCfg = Debug|Any CPU
		{F106CDC2-6FBF-60DB-F8F0-204F613AAC66}.Debug|Any CPU.Build.0 = Debug|Any CPU
		{F106CDC2-6FBF-60DB-F8F0-204F613AAC66}.Release|Any CPU.ActiveCfg = Release|Any CPU
		{F106CDC2-6FBF-60DB-F8F0-204F613AAC66}.Release|Any CPU.Build.0 = Release|Any CPU
		{7E44D14C-39D3-2BD8-602A-ED64D3DDD775}.Debug|Any CPU.ActiveCfg = Debug|Any CPU
		{7E44D14C-39D3-2BD8-602A-ED64D3DDD775}.Debug|Any CPU.Build.0 = Debug|Any CPU
		{7E44D14C-39D3-2BD8-602A-ED64D3DDD775}.Release|Any CPU.ActiveCfg = Release|Any CPU
		{7E44D14C-39D3-2BD8-602A-ED64D3DDD775}.Release|Any CPU.Build.0 = Release|Any CPU
		{9CFE0433-9C4E-108D-3959-67EC396A6E10}.Debug|Any CPU.ActiveCfg = Debug|Any CPU
		{9CFE0433-9C4E-108D-3959-67EC396A6E10}.Debug|Any CPU.Build.0 = Debug|Any CPU
		{9CFE0433-9C4E-108D-3959-67EC396A6E10}.Release|Any CPU.ActiveCfg = Release|Any CPU
		{9CFE0433-9C4E-108D-3959-67EC396A6E10}.Release|Any CPU.Build.0 = Release|Any CPU
		{A0B79406-8F64-F570-1679-C0DE526F6E13}.Debug|Any CPU.ActiveCfg = Debug|Any CPU
		{A0B79406-8F64-F570-1679-C0DE526F6E13}.Debug|Any CPU.Build.0 = Debug|Any CPU
		{A0B79406-8F64-F570-1679-C0DE526F6E13}.Release|Any CPU.ActiveCfg = Release|Any CPU
		{A0B79406-8F64-F570-1679-C0DE526F6E13}.Release|Any CPU.Build.0 = Release|Any CPU
		{C2781EBD-5EF4-4A07-A957-950F02B942CD}.Debug|Any CPU.ActiveCfg = Debug|Any CPU
		{C2781EBD-5EF4-4A07-A957-950F02B942CD}.Debug|Any CPU.Build.0 = Debug|Any CPU
		{C2781EBD-5EF4-4A07-A957-950F02B942CD}.Release|Any CPU.ActiveCfg = Release|Any CPU
		{C2781EBD-5EF4-4A07-A957-950F02B942CD}.Release|Any CPU.Build.0 = Release|Any CPU
		{6DE4A67A-D13F-6FD2-BE3D-7A70810A75CD}.Debug|Any CPU.ActiveCfg = Debug|Any CPU
		{6DE4A67A-D13F-6FD2-BE3D-7A70810A75CD}.Debug|Any CPU.Build.0 = Debug|Any CPU
		{6DE4A67A-D13F-6FD2-BE3D-7A70810A75CD}.Release|Any CPU.ActiveCfg = Release|Any CPU
		{6DE4A67A-D13F-6FD2-BE3D-7A70810A75CD}.Release|Any CPU.Build.0 = Release|Any CPU
		{22AC1F73-8F5A-566E-F808-468720CC1FD0}.Debug|Any CPU.ActiveCfg = Debug|Any CPU
		{22AC1F73-8F5A-566E-F808-468720CC1FD0}.Debug|Any CPU.Build.0 = Debug|Any CPU
		{22AC1F73-8F5A-566E-F808-468720CC1FD0}.Release|Any CPU.ActiveCfg = Release|Any CPU
		{22AC1F73-8F5A-566E-F808-468720CC1FD0}.Release|Any CPU.Build.0 = Release|Any CPU
		{42B7AD67-D801-D806-F004-62DA4B176436}.Debug|Any CPU.ActiveCfg = Debug|Any CPU
		{42B7AD67-D801-D806-F004-62DA4B176436}.Debug|Any CPU.Build.0 = Debug|Any CPU
		{42B7AD67-D801-D806-F004-62DA4B176436}.Release|Any CPU.ActiveCfg = Release|Any CPU
		{42B7AD67-D801-D806-F004-62DA4B176436}.Release|Any CPU.Build.0 = Release|Any CPU
		{1995C07A-333B-5894-67E3-DC2208EE21EE}.Debug|Any CPU.ActiveCfg = Debug|Any CPU
		{1995C07A-333B-5894-67E3-DC2208EE21EE}.Debug|Any CPU.Build.0 = Debug|Any CPU
		{1995C07A-333B-5894-67E3-DC2208EE21EE}.Release|Any CPU.ActiveCfg = Release|Any CPU
		{1995C07A-333B-5894-67E3-DC2208EE21EE}.Release|Any CPU.Build.0 = Release|Any CPU
		{9BFAD672-A12C-1111-9347-1E4C674B76CC}.Debug|Any CPU.ActiveCfg = Debug|Any CPU
		{9BFAD672-A12C-1111-9347-1E4C674B76CC}.Debug|Any CPU.Build.0 = Debug|Any CPU
		{9BFAD672-A12C-1111-9347-1E4C674B76CC}.Release|Any CPU.ActiveCfg = Release|Any CPU
		{9BFAD672-A12C-1111-9347-1E4C674B76CC}.Release|Any CPU.Build.0 = Release|Any CPU
		{CFC3DBB7-9A6F-E399-793F-2D8D469B8345}.Debug|Any CPU.ActiveCfg = Debug|Any CPU
		{CFC3DBB7-9A6F-E399-793F-2D8D469B8345}.Debug|Any CPU.Build.0 = Debug|Any CPU
		{CFC3DBB7-9A6F-E399-793F-2D8D469B8345}.Release|Any CPU.ActiveCfg = Release|Any CPU
		{CFC3DBB7-9A6F-E399-793F-2D8D469B8345}.Release|Any CPU.Build.0 = Release|Any CPU
		{2A83A0E2-226B-07F5-F1C7-6CE3B4583B32}.Debug|Any CPU.ActiveCfg = Debug|Any CPU
		{2A83A0E2-226B-07F5-F1C7-6CE3B4583B32}.Debug|Any CPU.Build.0 = Debug|Any CPU
		{2A83A0E2-226B-07F5-F1C7-6CE3B4583B32}.Release|Any CPU.ActiveCfg = Release|Any CPU
		{2A83A0E2-226B-07F5-F1C7-6CE3B4583B32}.Release|Any CPU.Build.0 = Release|Any CPU
		{6DD5D590-2E1C-7B26-8EB8-AEC8DED31819}.Debug|Any CPU.ActiveCfg = Debug|Any CPU
		{6DD5D590-2E1C-7B26-8EB8-AEC8DED31819}.Debug|Any CPU.Build.0 = Debug|Any CPU
		{6DD5D590-2E1C-7B26-8EB8-AEC8DED31819}.Release|Any CPU.ActiveCfg = Release|Any CPU
		{6DD5D590-2E1C-7B26-8EB8-AEC8DED31819}.Release|Any CPU.Build.0 = Release|Any CPU
		{96ECAAD1-1A15-AA6B-8D60-5D19E57F5B0E}.Debug|Any CPU.ActiveCfg = Debug|Any CPU
		{96ECAAD1-1A15-AA6B-8D60-5D19E57F5B0E}.Debug|Any CPU.Build.0 = Debug|Any CPU
		{96ECAAD1-1A15-AA6B-8D60-5D19E57F5B0E}.Release|Any CPU.ActiveCfg = Release|Any CPU
		{96ECAAD1-1A15-AA6B-8D60-5D19E57F5B0E}.Release|Any CPU.Build.0 = Release|Any CPU
		{1317D511-962A-7C90-CF50-02B17BC97E10}.Debug|Any CPU.ActiveCfg = Debug|Any CPU
		{1317D511-962A-7C90-CF50-02B17BC97E10}.Debug|Any CPU.Build.0 = Debug|Any CPU
		{1317D511-962A-7C90-CF50-02B17BC97E10}.Release|Any CPU.ActiveCfg = Release|Any CPU
		{1317D511-962A-7C90-CF50-02B17BC97E10}.Release|Any CPU.Build.0 = Release|Any CPU
		{6D0C6C60-9D68-3711-E991-67F30CA33548}.Debug|Any CPU.ActiveCfg = Debug|Any CPU
		{6D0C6C60-9D68-3711-E991-67F30CA33548}.Debug|Any CPU.Build.0 = Debug|Any CPU
		{6D0C6C60-9D68-3711-E991-67F30CA33548}.Release|Any CPU.ActiveCfg = Release|Any CPU
		{6D0C6C60-9D68-3711-E991-67F30CA33548}.Release|Any CPU.Build.0 = Release|Any CPU
		{E23CA46E-2C24-5530-6971-65FBDA7207F8}.Debug|Any CPU.ActiveCfg = Debug|Any CPU
		{E23CA46E-2C24-5530-6971-65FBDA7207F8}.Debug|Any CPU.Build.0 = Debug|Any CPU
		{E23CA46E-2C24-5530-6971-65FBDA7207F8}.Release|Any CPU.ActiveCfg = Release|Any CPU
		{E23CA46E-2C24-5530-6971-65FBDA7207F8}.Release|Any CPU.Build.0 = Release|Any CPU
	EndGlobalSection
	GlobalSection(SolutionProperties) = preSolution
		HideSolutionNode = FALSE
	EndGlobalSection
EndGlobal
